<?xml version="1.0" encoding="utf-8"?>
<Project ToolsVersion="4.0" xmlns="http://schemas.microsoft.com/developer/msbuild/2003">
  <ItemGroup>
    <Filter Include="Source Files">
      <UniqueIdentifier>{4FC737F1-C7A5-4376-A066-2A32D752A2FF}</UniqueIdentifier>
      <Extensions>cpp;c;cc;cxx;def;odl;idl;hpj;bat;asm;asmx</Extensions>
    </Filter>
    <Filter Include="Header Files">
      <UniqueIdentifier>{93995380-89BD-4b04-88EB-625FBE52EBFB}</UniqueIdentifier>
      <Extensions>h;hpp;hxx;hm;inl;inc;xsd</Extensions>
    </Filter>
    <Filter Include="Resource Files">
      <UniqueIdentifier>{67DA6AB6-F800-4c08-8B7A-83BB121AAD01}</UniqueIdentifier>
      <Extensions>rc;ico;cur;bmp;dlg;rc2;rct;bin;rgs;gif;jpg;jpeg;jpe;resx;tiff;tif;png;wav;mfcribbon-ms</Extensions>
    </Filter>
    <Filter Include="Header Files\Command">
      <UniqueIdentifier>{02521149-8c4a-4f73-b427-a2646a5647d4}</UniqueIdentifier>
    </Filter>
    <Filter Include="Source Files\Command">
      <UniqueIdentifier>{2775eb20-fcc2-4d20-9f18-9bf3996e1b0c}</UniqueIdentifier>
    </Filter>
  </ItemGroup>
  <ItemGroup>
    <ClCompile Include="..\Command\source\CommandTest.cpp">
      <Filter>Source Files</Filter>
    </ClCompile>
    <ClCompile Include="..\Command\source\DPoint.cpp">
      <Filter>Source Files</Filter>
    </ClCompile>
    <ClCompile Include="..\Command\source\ParseCNC.cpp">
      <Filter>Source Files</Filter>
    </ClCompile>
    <ClCompile Include="..\source\Vector3.cpp">
      <Filter>Source Files</Filter>
    </ClCompile>
    <ClCompile Include="..\Command\source\pathAddArc.cpp">
      <Filter>Source Files\Command</Filter>
    </ClCompile>
    <ClCompile Include="..\Command\source\stageResetPos.cpp">
      <Filter>Source Files\Command</Filter>
    </ClCompile>
    <ClCompile Include="..\Command\source\pathAddLine.cpp">
      <Filter>Source Files\Command</Filter>
    </ClCompile>
    <ClCompile Include="..\Command\source\pathAddStart.cpp">
      <Filter>Source Files\Command</Filter>
    </ClCompile>
    <ClCompile Include="..\Command\source\pathClearList.cpp">
      <Filter>Source Files\Command</Filter>
    </ClCompile>
    <ClCompile Include="..\Command\source\stageExecutePath.cpp">
      <Filter>Source Files\Command</Filter>
    </ClCompile>
    <ClCompile Include="..\Command\source\stageGetPos.cpp">
      <Filter>Source Files\Command</Filter>
    </ClCompile>
    <ClCompile Include="..\Command\source\stageMoveXY.cpp">
      <Filter>Source Files\Command</Filter>
    </ClCompile>
    <ClCompile Include="..\Command\source\stageMoveXYZ.cpp">
      <Filter>Source Files\Command</Filter>
    </ClCompile>
    <ClCompile Include="..\Command\source\MillCmd.cpp">
      <Filter>Source Files</Filter>
    </ClCompile>
  </ItemGroup>
  <ItemGroup>
    <ClInclude Include="..\Command\include\DPoint.h">
      <Filter>Header Files</Filter>
    </ClInclude>
    <ClInclude Include="..\Command\include\ParseCNC.h">
      <Filter>Header Files</Filter>
    </ClInclude>
    <ClInclude Include="..\include\FloatingPtHelper.h">
      <Filter>Header Files</Filter>
    </ClInclude>
    <ClInclude Include="Vector3.h">
      <Filter>Header Files</Filter>
    </ClInclude>
    <ClInclude Include="..\Command\include\Command.h">
      <Filter>Header Files\Command</Filter>
    </ClInclude>
    <ClInclude Include="..\Command\include\pathAddArc.h">
      <Filter>Header Files\Command</Filter>
    </ClInclude>
    <ClInclude Include="..\Command\include\pathClearList.h">
      <Filter>Header Files\Command</Filter>
    </ClInclude>
    <ClInclude Include="..\Command\include\pathAddLine.h">
      <Filter>Header Files\Command</Filter>
    </ClInclude>
    <ClInclude Include="..\Command\include\pathAddStart.h">
      <Filter>Header Files\Command</Filter>
    </ClInclude>
    <ClInclude Include="..\Command\include\StageAndPathSingleTon.h">
      <Filter>Header Files\Command</Filter>
    </ClInclude>
    <ClInclude Include="..\Command\include\stageResetPos.h">
      <Filter>Header Files\Command</Filter>
    </ClInclude>
    <ClInclude Include="..\Command\include\stageExecutePath.h">
      <Filter>Header Files\Command</Filter>
    </ClInclude>
    <ClInclude Include="..\Command\include\stageGetPos.h">
      <Filter>Header Files\Command</Filter>
    </ClInclude>
    <ClInclude Include="..\Command\include\stageMoveXY.h">
      <Filter>Header Files\Command</Filter>
    </ClInclude>
    <ClInclude Include="..\Command\include\stageMoveXYZ.h">
      <Filter>Header Files\Command</Filter>
    </ClInclude>
    <ClInclude Include="..\Command\include\stagePosition.h">
      <Filter>Header Files\Command</Filter>
    </ClInclude>
    <ClInclude Include="..\Command\include\MillCmd.h">
      <Filter>Header Files</Filter>
    </ClInclude>
  </ItemGroup>
</Project>